// !$*UTF8*$!
{
	archiveVersion = 1;
	classes = {
	};
	objectVersion = 50;
	objects = {

/* Begin PBXBuildFile section */
		E266BCCD267275F900C139BB /* PostsViewModel.swift in Sources */ = {isa = PBXBuildFile; fileRef = E266BCCC267275F900C139BB /* PostsViewModel.swift */; };
		E266BCCF2672760500C139BB /* PostsInteractor.swift in Sources */ = {isa = PBXBuildFile; fileRef = E266BCCE2672760500C139BB /* PostsInteractor.swift */; };
		E266BCD12672760F00C139BB /* PostsCoordinator.swift in Sources */ = {isa = PBXBuildFile; fileRef = E266BCD02672760F00C139BB /* PostsCoordinator.swift */; };
		E266BCD32672761900C139BB /* PostsProtocols.swift in Sources */ = {isa = PBXBuildFile; fileRef = E266BCD22672761900C139BB /* PostsProtocols.swift */; };
		E266BCD52672762500C139BB /* PostDetailViewModel.swift in Sources */ = {isa = PBXBuildFile; fileRef = E266BCD42672762500C139BB /* PostDetailViewModel.swift */; };
		E266BCD72672763200C139BB /* PostDetailCoordinator.swift in Sources */ = {isa = PBXBuildFile; fileRef = E266BCD62672763200C139BB /* PostDetailCoordinator.swift */; };
		E266BCD92672764200C139BB /* PostDetailProtocols.swift in Sources */ = {isa = PBXBuildFile; fileRef = E266BCD82672764200C139BB /* PostDetailProtocols.swift */; };
		E266BCDC2672C92E00C139BB /* Post.swift in Sources */ = {isa = PBXBuildFile; fileRef = E266BCDB2672C92E00C139BB /* Post.swift */; };
		E266BCDE2672CC9400C139BB /* PostsViewState.swift in Sources */ = {isa = PBXBuildFile; fileRef = E266BCDD2672CC9400C139BB /* PostsViewState.swift */; };
		E266BCE226730E1B00C139BB /* URLSchemeHost.swift in Sources */ = {isa = PBXBuildFile; fileRef = E266BCE126730E1B00C139BB /* URLSchemeHost.swift */; };
		E266BCE52673145C00C139BB /* PostProvider.swift in Sources */ = {isa = PBXBuildFile; fileRef = E266BCE42673145C00C139BB /* PostProvider.swift */; };
		E266BCE7267314EE00C139BB /* ListingResponse.swift in Sources */ = {isa = PBXBuildFile; fileRef = E266BCE6267314EE00C139BB /* ListingResponse.swift */; };
		E266BCE92673186700C139BB /* PostResponse.swift in Sources */ = {isa = PBXBuildFile; fileRef = E266BCE82673186700C139BB /* PostResponse.swift */; };
		E266BCEB267318A800C139BB /* PostClient.swift in Sources */ = {isa = PBXBuildFile; fileRef = E266BCEA267318A800C139BB /* PostClient.swift */; };
		E266BCED267318B200C139BB /* PostClientProtocol.swift in Sources */ = {isa = PBXBuildFile; fileRef = E266BCEC267318B200C139BB /* PostClientProtocol.swift */; };
		E266BCEF26731E7D00C139BB /* GlobalNavigationManager.swift in Sources */ = {isa = PBXBuildFile; fileRef = E266BCEE26731E7D00C139BB /* GlobalNavigationManager.swift */; };
		E266BCF42673288800C139BB /* PostCell.xib in Resources */ = {isa = PBXBuildFile; fileRef = E266BCF32673288800C139BB /* PostCell.xib */; };
		E266BCF62673289E00C139BB /* PostCell.swift in Sources */ = {isa = PBXBuildFile; fileRef = E266BCF52673289E00C139BB /* PostCell.swift */; };
		E266BCF8267328AB00C139BB /* PostCellViewModel.swift in Sources */ = {isa = PBXBuildFile; fileRef = E266BCF7267328AB00C139BB /* PostCellViewModel.swift */; };
		E266BCFA2673306500C139BB /* UITableView+Extensions.swift in Sources */ = {isa = PBXBuildFile; fileRef = E266BCF92673306500C139BB /* UITableView+Extensions.swift */; };
		E266BCFC2673309100C139BB /* TableViewDataSourcePrefetching.swift in Sources */ = {isa = PBXBuildFile; fileRef = E266BCFB2673309100C139BB /* TableViewDataSourcePrefetching.swift */; };
		E266BCFE267330BF00C139BB /* Dequeuable.swift in Sources */ = {isa = PBXBuildFile; fileRef = E266BCFD267330BF00C139BB /* Dequeuable.swift */; };
		E266BD002673310000C139BB /* DataSourcePrefetching.swift in Sources */ = {isa = PBXBuildFile; fileRef = E266BCFF2673310000C139BB /* DataSourcePrefetching.swift */; };
		E266BD022673345E00C139BB /* LoadingFooterView.swift in Sources */ = {isa = PBXBuildFile; fileRef = E266BD012673345E00C139BB /* LoadingFooterView.swift */; };
		E266BD042673347200C139BB /* CustomFooterView.swift in Sources */ = {isa = PBXBuildFile; fileRef = E266BD032673347200C139BB /* CustomFooterView.swift */; };
		E266BD06267334AD00C139BB /* FontHelper.swift in Sources */ = {isa = PBXBuildFile; fileRef = E266BD05267334AD00C139BB /* FontHelper.swift */; };
		E266BD082673352200C139BB /* UIView+Layout.swift in Sources */ = {isa = PBXBuildFile; fileRef = E266BD072673352200C139BB /* UIView+Layout.swift */; };
		E266BD0A2673374F00C139BB /* UIImageView+Caching.swift in Sources */ = {isa = PBXBuildFile; fileRef = E266BD092673374F00C139BB /* UIImageView+Caching.swift */; };
		E266BD0C267349D100C139BB /* Alertable.swift in Sources */ = {isa = PBXBuildFile; fileRef = E266BD0B267349D000C139BB /* Alertable.swift */; };
		E266BD0F26734EFB00C139BB /* PostPictureDetailViewController.swift in Sources */ = {isa = PBXBuildFile; fileRef = E266BD0E26734EFB00C139BB /* PostPictureDetailViewController.swift */; };
		E266BD1126734F6300C139BB /* PostPictureDetailWebViewNavigation.swift in Sources */ = {isa = PBXBuildFile; fileRef = E266BD1026734F6300C139BB /* PostPictureDetailWebViewNavigation.swift */; };
		E266BD1326734F8100C139BB /* PostPictureDetailCoordinator.swift in Sources */ = {isa = PBXBuildFile; fileRef = E266BD1226734F8100C139BB /* PostPictureDetailCoordinator.swift */; };
		E266BD1526734FA000C139BB /* PostPictureDetailViewModel.swift in Sources */ = {isa = PBXBuildFile; fileRef = E266BD1426734FA000C139BB /* PostPictureDetailViewModel.swift */; };
		E266BD1726734FAE00C139BB /* PostPictureDetailProtocols.swift in Sources */ = {isa = PBXBuildFile; fileRef = E266BD1626734FAE00C139BB /* PostPictureDetailProtocols.swift */; };
		E266BD1A2673508C00C139BB /* CoreDataStack.swift in Sources */ = {isa = PBXBuildFile; fileRef = E266BD192673508B00C139BB /* CoreDataStack.swift */; };
		E266BD1C2673511B00C139BB /* Managed.swift in Sources */ = {isa = PBXBuildFile; fileRef = E266BD1B2673511B00C139BB /* Managed.swift */; };
		E266BD1E2673512600C139BB /* VisitedPost.swift in Sources */ = {isa = PBXBuildFile; fileRef = E266BD1D2673512600C139BB /* VisitedPost.swift */; };
		E266BD2E2673A1DA00C139BB /* PersistenceStore.swift in Sources */ = {isa = PBXBuildFile; fileRef = E266BD2D2673A1DA00C139BB /* PersistenceStore.swift */; };
		E266BD302673A4A400C139BB /* ColorPalette.swift in Sources */ = {isa = PBXBuildFile; fileRef = E266BD2F2673A4A400C139BB /* ColorPalette.swift */; };
		E266BD332673ADDF00C139BB /* Date+Formatting.swift in Sources */ = {isa = PBXBuildFile; fileRef = E266BD322673ADDF00C139BB /* Date+Formatting.swift */; };
		E266BD362673BEBF00C139BB /* Localizable.strings in Resources */ = {isa = PBXBuildFile; fileRef = E266BD382673BEBF00C139BB /* Localizable.strings */; };
		E266BD3B2673BEED00C139BB /* LocalizedStrings.swift in Sources */ = {isa = PBXBuildFile; fileRef = E266BD3A2673BEED00C139BB /* LocalizedStrings.swift */; };
		E266BD3D2673C19B00C139BB /* PostsTests.swift in Sources */ = {isa = PBXBuildFile; fileRef = E266BD3C2673C19B00C139BB /* PostsTests.swift */; };
		E266BD402673C1B200C139BB /* MockPostsInteractor.swift in Sources */ = {isa = PBXBuildFile; fileRef = E266BD3F2673C1B200C139BB /* MockPostsInteractor.swift */; };
		E266BD422673C2D200C139BB /* Post+MockInitializer.swift in Sources */ = {isa = PBXBuildFile; fileRef = E266BD412673C2D200C139BB /* Post+MockInitializer.swift */; };
		E268CD272671D9B400D95FA8 /* AppDelegate.swift in Sources */ = {isa = PBXBuildFile; fileRef = E268CD262671D9B400D95FA8 /* AppDelegate.swift */; };
		E268CD292671D9B400D95FA8 /* SceneDelegate.swift in Sources */ = {isa = PBXBuildFile; fileRef = E268CD282671D9B400D95FA8 /* SceneDelegate.swift */; };
		E268CD312671D9B400D95FA8 /* RedditDemoApp.xcdatamodeld in Sources */ = {isa = PBXBuildFile; fileRef = E268CD2F2671D9B400D95FA8 /* RedditDemoApp.xcdatamodeld */; };
		E268CD332671D9B800D95FA8 /* Assets.xcassets in Resources */ = {isa = PBXBuildFile; fileRef = E268CD322671D9B800D95FA8 /* Assets.xcassets */; };
		E268CD362671D9B800D95FA8 /* LaunchScreen.storyboard in Resources */ = {isa = PBXBuildFile; fileRef = E268CD342671D9B800D95FA8 /* LaunchScreen.storyboard */; };
		E268CD432671DB0F00D95FA8 /* LoginViewController.swift in Sources */ = {isa = PBXBuildFile; fileRef = E268CD422671DB0F00D95FA8 /* LoginViewController.swift */; };
		E268CD452671DB1A00D95FA8 /* LoginViewModel.swift in Sources */ = {isa = PBXBuildFile; fileRef = E268CD442671DB1A00D95FA8 /* LoginViewModel.swift */; };
		E268CD472671DB2900D95FA8 /* LoginCoordinator.swift in Sources */ = {isa = PBXBuildFile; fileRef = E268CD462671DB2900D95FA8 /* LoginCoordinator.swift */; };
		E268CD492671DB3300D95FA8 /* LoginInteractor.swift in Sources */ = {isa = PBXBuildFile; fileRef = E268CD482671DB3300D95FA8 /* LoginInteractor.swift */; };
		E268CD4B2671DB3E00D95FA8 /* LoginProtocols.swift in Sources */ = {isa = PBXBuildFile; fileRef = E268CD4A2671DB3E00D95FA8 /* LoginProtocols.swift */; };
		E268CD4E2671DBAF00D95FA8 /* Coordinator.swift in Sources */ = {isa = PBXBuildFile; fileRef = E268CD4D2671DBAF00D95FA8 /* Coordinator.swift */; };
		E268CD662671DCA600D95FA8 /* Dictionary+Format.swift in Sources */ = {isa = PBXBuildFile; fileRef = E268CD622671DCA600D95FA8 /* Dictionary+Format.swift */; };
		E268CD672671DCA600D95FA8 /* ErrorDescriptable.swift in Sources */ = {isa = PBXBuildFile; fileRef = E268CD632671DCA600D95FA8 /* ErrorDescriptable.swift */; };
		E268CD682671DCA600D95FA8 /* URLRequest+Headers.swift in Sources */ = {isa = PBXBuildFile; fileRef = E268CD642671DCA600D95FA8 /* URLRequest+Headers.swift */; };
		E268CD692671DCA600D95FA8 /* CharacterSet+Filtering.swift in Sources */ = {isa = PBXBuildFile; fileRef = E268CD652671DCA600D95FA8 /* CharacterSet+Filtering.swift */; };
		E268CD6C2671DD0800D95FA8 /* Bindable.swift in Sources */ = {isa = PBXBuildFile; fileRef = E268CD6B2671DD0800D95FA8 /* Bindable.swift */; };
		E268CD6F2671DD4B00D95FA8 /* Endpoint.swift in Sources */ = {isa = PBXBuildFile; fileRef = E268CD6E2671DD4B00D95FA8 /* Endpoint.swift */; };
		E268CD712671DD5500D95FA8 /* APIError.swift in Sources */ = {isa = PBXBuildFile; fileRef = E268CD702671DD5500D95FA8 /* APIError.swift */; };
		E268CD732671DD6000D95FA8 /* APIClient.swift in Sources */ = {isa = PBXBuildFile; fileRef = E268CD722671DD6000D95FA8 /* APIClient.swift */; };
		E268CD762671DE0400D95FA8 /* AuthProvider.swift in Sources */ = {isa = PBXBuildFile; fileRef = E268CD752671DE0400D95FA8 /* AuthProvider.swift */; };
		E268CD782671DE0C00D95FA8 /* AuthClient.swift in Sources */ = {isa = PBXBuildFile; fileRef = E268CD772671DE0C00D95FA8 /* AuthClient.swift */; };
		E268CD7A2671DE1300D95FA8 /* AuthClientProtocol.swift in Sources */ = {isa = PBXBuildFile; fileRef = E268CD792671DE1200D95FA8 /* AuthClientProtocol.swift */; };
		E268CD7D2671DE6A00D95FA8 /* AccessTokenResponse.swift in Sources */ = {isa = PBXBuildFile; fileRef = E268CD7C2671DE6A00D95FA8 /* AccessTokenResponse.swift */; };
		E268CD7F2671E07B00D95FA8 /* Login.storyboard in Resources */ = {isa = PBXBuildFile; fileRef = E268CD7E2671E07B00D95FA8 /* Login.storyboard */; };
		E268CD822671E0CD00D95FA8 /* Storyboarded.swift in Sources */ = {isa = PBXBuildFile; fileRef = E268CD812671E0CD00D95FA8 /* Storyboarded.swift */; };
		E268CD842671E1C100D95FA8 /* AppConstants.swift in Sources */ = {isa = PBXBuildFile; fileRef = E268CD832671E1C100D95FA8 /* AppConstants.swift */; };
		E268CD872671E43700D95FA8 /* String+Base64.swift in Sources */ = {isa = PBXBuildFile; fileRef = E268CD862671E43700D95FA8 /* String+Base64.swift */; };
		E268CD8D2671E4FB00D95FA8 /* AuthPermissionViewModel.swift in Sources */ = {isa = PBXBuildFile; fileRef = E268CD882671E4FB00D95FA8 /* AuthPermissionViewModel.swift */; };
		E268CD8E2671E4FB00D95FA8 /* AuthPermissionViewController.swift in Sources */ = {isa = PBXBuildFile; fileRef = E268CD892671E4FB00D95FA8 /* AuthPermissionViewController.swift */; };
		E268CD8F2671E4FB00D95FA8 /* AuthPermissionCoordinator.swift in Sources */ = {isa = PBXBuildFile; fileRef = E268CD8A2671E4FB00D95FA8 /* AuthPermissionCoordinator.swift */; };
		E268CD902671E4FB00D95FA8 /* AuthPermissionWebViewNavigation.swift in Sources */ = {isa = PBXBuildFile; fileRef = E268CD8B2671E4FB00D95FA8 /* AuthPermissionWebViewNavigation.swift */; };
		E268CD912671E4FB00D95FA8 /* AuthPermissionProtocols.swift in Sources */ = {isa = PBXBuildFile; fileRef = E268CD8C2671E4FB00D95FA8 /* AuthPermissionProtocols.swift */; };
		E268CD962671E55B00D95FA8 /* CustomNotification.swift in Sources */ = {isa = PBXBuildFile; fileRef = E268CD932671E55B00D95FA8 /* CustomNotification.swift */; };
		E268CD972671E55B00D95FA8 /* NotificationNameable.swift in Sources */ = {isa = PBXBuildFile; fileRef = E268CD942671E55B00D95FA8 /* NotificationNameable.swift */; };
		E268CD982671E55B00D95FA8 /* Notification+RawRepresentable.swift in Sources */ = {isa = PBXBuildFile; fileRef = E268CD952671E55B00D95FA8 /* Notification+RawRepresentable.swift */; };
		E268CD9A2671E60900D95FA8 /* UIView+Fade.swift in Sources */ = {isa = PBXBuildFile; fileRef = E268CD992671E60900D95FA8 /* UIView+Fade.swift */; };
		E268CD9C2671E6DA00D95FA8 /* URL+QueryParameters.swift in Sources */ = {isa = PBXBuildFile; fileRef = E268CD9B2671E6DA00D95FA8 /* URL+QueryParameters.swift */; };
		E268CD9F2671E9D200D95FA8 /* Posts.storyboard in Resources */ = {isa = PBXBuildFile; fileRef = E268CD9E2671E9D200D95FA8 /* Posts.storyboard */; };
		E268CDA12671EB1300D95FA8 /* PostsSplitViewController.swift in Sources */ = {isa = PBXBuildFile; fileRef = E268CDA02671EB1300D95FA8 /* PostsSplitViewController.swift */; };
		E268CDA42671ECD500D95FA8 /* PostsViewController.swift in Sources */ = {isa = PBXBuildFile; fileRef = E268CDA32671ECD500D95FA8 /* PostsViewController.swift */; };
		E268CDA72671ECF800D95FA8 /* PostDetailViewController.swift in Sources */ = {isa = PBXBuildFile; fileRef = E268CDA62671ECF800D95FA8 /* PostDetailViewController.swift */; };
		E268CDAA2671ED5500D95FA8 /* ShrinkingButton.swift in Sources */ = {isa = PBXBuildFile; fileRef = E268CDA92671ED5500D95FA8 /* ShrinkingButton.swift */; };
		E268CDAC2671EDAA00D95FA8 /* SpinnerLayer.swift in Sources */ = {isa = PBXBuildFile; fileRef = E268CDAB2671EDAA00D95FA8 /* SpinnerLayer.swift */; };
		E268CDAE2671EE0E00D95FA8 /* CGRect+Center.swift in Sources */ = {isa = PBXBuildFile; fileRef = E268CDAD2671EE0E00D95FA8 /* CGRect+Center.swift */; };
		E268CDB32671EF7A00D95FA8 /* KeychainSwift.swift in Sources */ = {isa = PBXBuildFile; fileRef = E268CDB02671EF7A00D95FA8 /* KeychainSwift.swift */; };
		E268CDB42671EF7A00D95FA8 /* KeychainSwiftAccessOptions.swift in Sources */ = {isa = PBXBuildFile; fileRef = E268CDB12671EF7A00D95FA8 /* KeychainSwiftAccessOptions.swift */; };
		E268CDB52671EF7A00D95FA8 /* TegKeychainConstants.swift in Sources */ = {isa = PBXBuildFile; fileRef = E268CDB22671EF7A00D95FA8 /* TegKeychainConstants.swift */; };
		E268CDB72671EFBA00D95FA8 /* KeychainStorage.swift in Sources */ = {isa = PBXBuildFile; fileRef = E268CDB62671EFBA00D95FA8 /* KeychainStorage.swift */; };
		E268CDBB2671EFFB00D95FA8 /* AuthenticationManager.swift in Sources */ = {isa = PBXBuildFile; fileRef = E268CDBA2671EFFB00D95FA8 /* AuthenticationManager.swift */; };
		E268CDBD2671F10000D95FA8 /* AppCoordinator.swift in Sources */ = {isa = PBXBuildFile; fileRef = E268CDBC2671F10000D95FA8 /* AppCoordinator.swift */; };
/* End PBXBuildFile section */

/* Begin PBXContainerItemProxy section */
		E266BD28267351EB00C139BB /* PBXContainerItemProxy */ = {
			isa = PBXContainerItemProxy;
			containerPortal = E268CD1B2671D9B400D95FA8 /* Project object */;
			proxyType = 1;
			remoteGlobalIDString = E268CD222671D9B400D95FA8;
			remoteInfo = RedditDemoApp;
		};
/* End PBXContainerItemProxy section */

/* Begin PBXFileReference section */
		E266BCCC267275F900C139BB /* PostsViewModel.swift */ = {isa = PBXFileReference; lastKnownFileType = sourcecode.swift; path = PostsViewModel.swift; sourceTree = "<group>"; };
		E266BCCE2672760500C139BB /* PostsInteractor.swift */ = {isa = PBXFileReference; lastKnownFileType = sourcecode.swift; path = PostsInteractor.swift; sourceTree = "<group>"; };
		E266BCD02672760F00C139BB /* PostsCoordinator.swift */ = {isa = PBXFileReference; lastKnownFileType = sourcecode.swift; path = PostsCoordinator.swift; sourceTree = "<group>"; };
		E266BCD22672761900C139BB /* PostsProtocols.swift */ = {isa = PBXFileReference; lastKnownFileType = sourcecode.swift; path = PostsProtocols.swift; sourceTree = "<group>"; };
		E266BCD42672762500C139BB /* PostDetailViewModel.swift */ = {isa = PBXFileReference; lastKnownFileType = sourcecode.swift; path = PostDetailViewModel.swift; sourceTree = "<group>"; };
		E266BCD62672763200C139BB /* PostDetailCoordinator.swift */ = {isa = PBXFileReference; lastKnownFileType = sourcecode.swift; path = PostDetailCoordinator.swift; sourceTree = "<group>"; };
		E266BCD82672764200C139BB /* PostDetailProtocols.swift */ = {isa = PBXFileReference; lastKnownFileType = sourcecode.swift; path = PostDetailProtocols.swift; sourceTree = "<group>"; };
		E266BCDB2672C92E00C139BB /* Post.swift */ = {isa = PBXFileReference; lastKnownFileType = sourcecode.swift; path = Post.swift; sourceTree = "<group>"; };
		E266BCDD2672CC9400C139BB /* PostsViewState.swift */ = {isa = PBXFileReference; lastKnownFileType = sourcecode.swift; path = PostsViewState.swift; sourceTree = "<group>"; };
		E266BCE126730E1B00C139BB /* URLSchemeHost.swift */ = {isa = PBXFileReference; lastKnownFileType = sourcecode.swift; path = URLSchemeHost.swift; sourceTree = "<group>"; };
		E266BCE42673145C00C139BB /* PostProvider.swift */ = {isa = PBXFileReference; lastKnownFileType = sourcecode.swift; path = PostProvider.swift; sourceTree = "<group>"; };
		E266BCE6267314EE00C139BB /* ListingResponse.swift */ = {isa = PBXFileReference; lastKnownFileType = sourcecode.swift; path = ListingResponse.swift; sourceTree = "<group>"; };
		E266BCE82673186700C139BB /* PostResponse.swift */ = {isa = PBXFileReference; lastKnownFileType = sourcecode.swift; path = PostResponse.swift; sourceTree = "<group>"; };
		E266BCEA267318A800C139BB /* PostClient.swift */ = {isa = PBXFileReference; lastKnownFileType = sourcecode.swift; path = PostClient.swift; sourceTree = "<group>"; };
		E266BCEC267318B200C139BB /* PostClientProtocol.swift */ = {isa = PBXFileReference; lastKnownFileType = sourcecode.swift; path = PostClientProtocol.swift; sourceTree = "<group>"; };
		E266BCEE26731E7D00C139BB /* GlobalNavigationManager.swift */ = {isa = PBXFileReference; lastKnownFileType = sourcecode.swift; path = GlobalNavigationManager.swift; sourceTree = "<group>"; };
		E266BCF32673288800C139BB /* PostCell.xib */ = {isa = PBXFileReference; lastKnownFileType = file.xib; path = PostCell.xib; sourceTree = "<group>"; };
		E266BCF52673289E00C139BB /* PostCell.swift */ = {isa = PBXFileReference; lastKnownFileType = sourcecode.swift; path = PostCell.swift; sourceTree = "<group>"; };
		E266BCF7267328AB00C139BB /* PostCellViewModel.swift */ = {isa = PBXFileReference; lastKnownFileType = sourcecode.swift; path = PostCellViewModel.swift; sourceTree = "<group>"; };
		E266BCF92673306500C139BB /* UITableView+Extensions.swift */ = {isa = PBXFileReference; lastKnownFileType = sourcecode.swift; path = "UITableView+Extensions.swift"; sourceTree = "<group>"; };
		E266BCFB2673309100C139BB /* TableViewDataSourcePrefetching.swift */ = {isa = PBXFileReference; lastKnownFileType = sourcecode.swift; path = TableViewDataSourcePrefetching.swift; sourceTree = "<group>"; };
		E266BCFD267330BF00C139BB /* Dequeuable.swift */ = {isa = PBXFileReference; lastKnownFileType = sourcecode.swift; path = Dequeuable.swift; sourceTree = "<group>"; };
		E266BCFF2673310000C139BB /* DataSourcePrefetching.swift */ = {isa = PBXFileReference; lastKnownFileType = sourcecode.swift; path = DataSourcePrefetching.swift; sourceTree = "<group>"; };
		E266BD012673345E00C139BB /* LoadingFooterView.swift */ = {isa = PBXFileReference; lastKnownFileType = sourcecode.swift; path = LoadingFooterView.swift; sourceTree = "<group>"; };
		E266BD032673347200C139BB /* CustomFooterView.swift */ = {isa = PBXFileReference; lastKnownFileType = sourcecode.swift; path = CustomFooterView.swift; sourceTree = "<group>"; };
		E266BD05267334AD00C139BB /* FontHelper.swift */ = {isa = PBXFileReference; lastKnownFileType = sourcecode.swift; path = FontHelper.swift; sourceTree = "<group>"; };
		E266BD072673352200C139BB /* UIView+Layout.swift */ = {isa = PBXFileReference; lastKnownFileType = sourcecode.swift; path = "UIView+Layout.swift"; sourceTree = "<group>"; };
		E266BD092673374F00C139BB /* UIImageView+Caching.swift */ = {isa = PBXFileReference; lastKnownFileType = sourcecode.swift; path = "UIImageView+Caching.swift"; sourceTree = "<group>"; };
		E266BD0B267349D000C139BB /* Alertable.swift */ = {isa = PBXFileReference; lastKnownFileType = sourcecode.swift; path = Alertable.swift; sourceTree = "<group>"; };
		E266BD0E26734EFB00C139BB /* PostPictureDetailViewController.swift */ = {isa = PBXFileReference; lastKnownFileType = sourcecode.swift; path = PostPictureDetailViewController.swift; sourceTree = "<group>"; };
		E266BD1026734F6300C139BB /* PostPictureDetailWebViewNavigation.swift */ = {isa = PBXFileReference; lastKnownFileType = sourcecode.swift; path = PostPictureDetailWebViewNavigation.swift; sourceTree = "<group>"; };
		E266BD1226734F8100C139BB /* PostPictureDetailCoordinator.swift */ = {isa = PBXFileReference; lastKnownFileType = sourcecode.swift; path = PostPictureDetailCoordinator.swift; sourceTree = "<group>"; };
		E266BD1426734FA000C139BB /* PostPictureDetailViewModel.swift */ = {isa = PBXFileReference; lastKnownFileType = sourcecode.swift; path = PostPictureDetailViewModel.swift; sourceTree = "<group>"; };
		E266BD1626734FAE00C139BB /* PostPictureDetailProtocols.swift */ = {isa = PBXFileReference; lastKnownFileType = sourcecode.swift; path = PostPictureDetailProtocols.swift; sourceTree = "<group>"; };
		E266BD192673508B00C139BB /* CoreDataStack.swift */ = {isa = PBXFileReference; lastKnownFileType = sourcecode.swift; path = CoreDataStack.swift; sourceTree = "<group>"; };
		E266BD1B2673511B00C139BB /* Managed.swift */ = {isa = PBXFileReference; lastKnownFileType = sourcecode.swift; path = Managed.swift; sourceTree = "<group>"; };
		E266BD1D2673512600C139BB /* VisitedPost.swift */ = {isa = PBXFileReference; lastKnownFileType = sourcecode.swift; path = VisitedPost.swift; sourceTree = "<group>"; };
		E266BD23267351EB00C139BB /* RedditDemoAppTests.xctest */ = {isa = PBXFileReference; explicitFileType = wrapper.cfbundle; includeInIndex = 0; path = RedditDemoAppTests.xctest; sourceTree = BUILT_PRODUCTS_DIR; };
		E266BD27267351EB00C139BB /* Info.plist */ = {isa = PBXFileReference; lastKnownFileType = text.plist.xml; path = Info.plist; sourceTree = "<group>"; };
		E266BD2D2673A1DA00C139BB /* PersistenceStore.swift */ = {isa = PBXFileReference; lastKnownFileType = sourcecode.swift; path = PersistenceStore.swift; sourceTree = "<group>"; };
		E266BD2F2673A4A400C139BB /* ColorPalette.swift */ = {isa = PBXFileReference; lastKnownFileType = sourcecode.swift; path = ColorPalette.swift; sourceTree = "<group>"; };
		E266BD322673ADDF00C139BB /* Date+Formatting.swift */ = {isa = PBXFileReference; lastKnownFileType = sourcecode.swift; path = "Date+Formatting.swift"; sourceTree = "<group>"; };
		E266BD372673BEBF00C139BB /* en */ = {isa = PBXFileReference; lastKnownFileType = text.plist.strings; name = en; path = en.lproj/Localizable.strings; sourceTree = "<group>"; };
		E266BD392673BEDA00C139BB /* es-419 */ = {isa = PBXFileReference; lastKnownFileType = text.plist.strings; name = "es-419"; path = "es-419.lproj/Localizable.strings"; sourceTree = "<group>"; };
		E266BD3A2673BEED00C139BB /* LocalizedStrings.swift */ = {isa = PBXFileReference; lastKnownFileType = sourcecode.swift; path = LocalizedStrings.swift; sourceTree = "<group>"; };
		E266BD3C2673C19B00C139BB /* PostsTests.swift */ = {isa = PBXFileReference; lastKnownFileType = sourcecode.swift; path = PostsTests.swift; sourceTree = "<group>"; };
		E266BD3F2673C1B200C139BB /* MockPostsInteractor.swift */ = {isa = PBXFileReference; lastKnownFileType = sourcecode.swift; path = MockPostsInteractor.swift; sourceTree = "<group>"; };
		E266BD412673C2D200C139BB /* Post+MockInitializer.swift */ = {isa = PBXFileReference; lastKnownFileType = sourcecode.swift; path = "Post+MockInitializer.swift"; sourceTree = "<group>"; };
		E268CD232671D9B400D95FA8 /* RedditDemoApp.app */ = {isa = PBXFileReference; explicitFileType = wrapper.application; includeInIndex = 0; path = RedditDemoApp.app; sourceTree = BUILT_PRODUCTS_DIR; };
		E268CD262671D9B400D95FA8 /* AppDelegate.swift */ = {isa = PBXFileReference; lastKnownFileType = sourcecode.swift; path = AppDelegate.swift; sourceTree = "<group>"; };
		E268CD282671D9B400D95FA8 /* SceneDelegate.swift */ = {isa = PBXFileReference; lastKnownFileType = sourcecode.swift; path = SceneDelegate.swift; sourceTree = "<group>"; };
		E268CD302671D9B400D95FA8 /* RedditDemoApp.xcdatamodel */ = {isa = PBXFileReference; lastKnownFileType = wrapper.xcdatamodel; path = RedditDemoApp.xcdatamodel; sourceTree = "<group>"; };
		E268CD322671D9B800D95FA8 /* Assets.xcassets */ = {isa = PBXFileReference; lastKnownFileType = folder.assetcatalog; path = Assets.xcassets; sourceTree = "<group>"; };
		E268CD352671D9B800D95FA8 /* Base */ = {isa = PBXFileReference; lastKnownFileType = file.storyboard; name = Base; path = Base.lproj/LaunchScreen.storyboard; sourceTree = "<group>"; };
		E268CD372671D9B800D95FA8 /* Info.plist */ = {isa = PBXFileReference; lastKnownFileType = text.plist.xml; path = Info.plist; sourceTree = "<group>"; };
		E268CD422671DB0F00D95FA8 /* LoginViewController.swift */ = {isa = PBXFileReference; lastKnownFileType = sourcecode.swift; path = LoginViewController.swift; sourceTree = "<group>"; };
		E268CD442671DB1A00D95FA8 /* LoginViewModel.swift */ = {isa = PBXFileReference; lastKnownFileType = sourcecode.swift; path = LoginViewModel.swift; sourceTree = "<group>"; };
		E268CD462671DB2900D95FA8 /* LoginCoordinator.swift */ = {isa = PBXFileReference; lastKnownFileType = sourcecode.swift; path = LoginCoordinator.swift; sourceTree = "<group>"; };
		E268CD482671DB3300D95FA8 /* LoginInteractor.swift */ = {isa = PBXFileReference; lastKnownFileType = sourcecode.swift; path = LoginInteractor.swift; sourceTree = "<group>"; };
		E268CD4A2671DB3E00D95FA8 /* LoginProtocols.swift */ = {isa = PBXFileReference; lastKnownFileType = sourcecode.swift; path = LoginProtocols.swift; sourceTree = "<group>"; };
		E268CD4D2671DBAF00D95FA8 /* Coordinator.swift */ = {isa = PBXFileReference; lastKnownFileType = sourcecode.swift; path = Coordinator.swift; sourceTree = "<group>"; };
		E268CD622671DCA600D95FA8 /* Dictionary+Format.swift */ = {isa = PBXFileReference; fileEncoding = 4; lastKnownFileType = sourcecode.swift; path = "Dictionary+Format.swift"; sourceTree = "<group>"; };
		E268CD632671DCA600D95FA8 /* ErrorDescriptable.swift */ = {isa = PBXFileReference; fileEncoding = 4; lastKnownFileType = sourcecode.swift; path = ErrorDescriptable.swift; sourceTree = "<group>"; };
		E268CD642671DCA600D95FA8 /* URLRequest+Headers.swift */ = {isa = PBXFileReference; fileEncoding = 4; lastKnownFileType = sourcecode.swift; path = "URLRequest+Headers.swift"; sourceTree = "<group>"; };
		E268CD652671DCA600D95FA8 /* CharacterSet+Filtering.swift */ = {isa = PBXFileReference; fileEncoding = 4; lastKnownFileType = sourcecode.swift; path = "CharacterSet+Filtering.swift"; sourceTree = "<group>"; };
		E268CD6B2671DD0800D95FA8 /* Bindable.swift */ = {isa = PBXFileReference; lastKnownFileType = sourcecode.swift; path = Bindable.swift; sourceTree = "<group>"; };
		E268CD6E2671DD4B00D95FA8 /* Endpoint.swift */ = {isa = PBXFileReference; lastKnownFileType = sourcecode.swift; path = Endpoint.swift; sourceTree = "<group>"; };
		E268CD702671DD5500D95FA8 /* APIError.swift */ = {isa = PBXFileReference; lastKnownFileType = sourcecode.swift; path = APIError.swift; sourceTree = "<group>"; };
		E268CD722671DD6000D95FA8 /* APIClient.swift */ = {isa = PBXFileReference; lastKnownFileType = sourcecode.swift; path = APIClient.swift; sourceTree = "<group>"; };
		E268CD752671DE0400D95FA8 /* AuthProvider.swift */ = {isa = PBXFileReference; lastKnownFileType = sourcecode.swift; path = AuthProvider.swift; sourceTree = "<group>"; };
		E268CD772671DE0C00D95FA8 /* AuthClient.swift */ = {isa = PBXFileReference; lastKnownFileType = sourcecode.swift; path = AuthClient.swift; sourceTree = "<group>"; };
		E268CD792671DE1200D95FA8 /* AuthClientProtocol.swift */ = {isa = PBXFileReference; lastKnownFileType = sourcecode.swift; path = AuthClientProtocol.swift; sourceTree = "<group>"; };
		E268CD7C2671DE6A00D95FA8 /* AccessTokenResponse.swift */ = {isa = PBXFileReference; lastKnownFileType = sourcecode.swift; path = AccessTokenResponse.swift; sourceTree = "<group>"; };
		E268CD7E2671E07B00D95FA8 /* Login.storyboard */ = {isa = PBXFileReference; lastKnownFileType = file.storyboard; path = Login.storyboard; sourceTree = "<group>"; };
		E268CD812671E0CD00D95FA8 /* Storyboarded.swift */ = {isa = PBXFileReference; lastKnownFileType = sourcecode.swift; path = Storyboarded.swift; sourceTree = "<group>"; };
		E268CD832671E1C100D95FA8 /* AppConstants.swift */ = {isa = PBXFileReference; lastKnownFileType = sourcecode.swift; path = AppConstants.swift; sourceTree = "<group>"; };
		E268CD862671E43700D95FA8 /* String+Base64.swift */ = {isa = PBXFileReference; lastKnownFileType = sourcecode.swift; path = "String+Base64.swift"; sourceTree = "<group>"; };
		E268CD882671E4FB00D95FA8 /* AuthPermissionViewModel.swift */ = {isa = PBXFileReference; fileEncoding = 4; lastKnownFileType = sourcecode.swift; path = AuthPermissionViewModel.swift; sourceTree = "<group>"; };
		E268CD892671E4FB00D95FA8 /* AuthPermissionViewController.swift */ = {isa = PBXFileReference; fileEncoding = 4; lastKnownFileType = sourcecode.swift; path = AuthPermissionViewController.swift; sourceTree = "<group>"; };
		E268CD8A2671E4FB00D95FA8 /* AuthPermissionCoordinator.swift */ = {isa = PBXFileReference; fileEncoding = 4; lastKnownFileType = sourcecode.swift; path = AuthPermissionCoordinator.swift; sourceTree = "<group>"; };
		E268CD8B2671E4FB00D95FA8 /* AuthPermissionWebViewNavigation.swift */ = {isa = PBXFileReference; fileEncoding = 4; lastKnownFileType = sourcecode.swift; path = AuthPermissionWebViewNavigation.swift; sourceTree = "<group>"; };
		E268CD8C2671E4FB00D95FA8 /* AuthPermissionProtocols.swift */ = {isa = PBXFileReference; fileEncoding = 4; lastKnownFileType = sourcecode.swift; path = AuthPermissionProtocols.swift; sourceTree = "<group>"; };
		E268CD932671E55B00D95FA8 /* CustomNotification.swift */ = {isa = PBXFileReference; fileEncoding = 4; lastKnownFileType = sourcecode.swift; path = CustomNotification.swift; sourceTree = "<group>"; };
		E268CD942671E55B00D95FA8 /* NotificationNameable.swift */ = {isa = PBXFileReference; fileEncoding = 4; lastKnownFileType = sourcecode.swift; path = NotificationNameable.swift; sourceTree = "<group>"; };
		E268CD952671E55B00D95FA8 /* Notification+RawRepresentable.swift */ = {isa = PBXFileReference; fileEncoding = 4; lastKnownFileType = sourcecode.swift; path = "Notification+RawRepresentable.swift"; sourceTree = "<group>"; };
		E268CD992671E60900D95FA8 /* UIView+Fade.swift */ = {isa = PBXFileReference; lastKnownFileType = sourcecode.swift; path = "UIView+Fade.swift"; sourceTree = "<group>"; };
		E268CD9B2671E6DA00D95FA8 /* URL+QueryParameters.swift */ = {isa = PBXFileReference; lastKnownFileType = sourcecode.swift; path = "URL+QueryParameters.swift"; sourceTree = "<group>"; };
		E268CD9E2671E9D200D95FA8 /* Posts.storyboard */ = {isa = PBXFileReference; lastKnownFileType = file.storyboard; path = Posts.storyboard; sourceTree = "<group>"; };
		E268CDA02671EB1300D95FA8 /* PostsSplitViewController.swift */ = {isa = PBXFileReference; lastKnownFileType = sourcecode.swift; path = PostsSplitViewController.swift; sourceTree = "<group>"; };
		E268CDA32671ECD500D95FA8 /* PostsViewController.swift */ = {isa = PBXFileReference; lastKnownFileType = sourcecode.swift; path = PostsViewController.swift; sourceTree = "<group>"; };
		E268CDA62671ECF800D95FA8 /* PostDetailViewController.swift */ = {isa = PBXFileReference; lastKnownFileType = sourcecode.swift; path = PostDetailViewController.swift; sourceTree = "<group>"; };
		E268CDA92671ED5500D95FA8 /* ShrinkingButton.swift */ = {isa = PBXFileReference; lastKnownFileType = sourcecode.swift; path = ShrinkingButton.swift; sourceTree = "<group>"; };
		E268CDAB2671EDAA00D95FA8 /* SpinnerLayer.swift */ = {isa = PBXFileReference; lastKnownFileType = sourcecode.swift; path = SpinnerLayer.swift; sourceTree = "<group>"; };
		E268CDAD2671EE0E00D95FA8 /* CGRect+Center.swift */ = {isa = PBXFileReference; lastKnownFileType = sourcecode.swift; path = "CGRect+Center.swift"; sourceTree = "<group>"; };
		E268CDB02671EF7A00D95FA8 /* KeychainSwift.swift */ = {isa = PBXFileReference; fileEncoding = 4; lastKnownFileType = sourcecode.swift; path = KeychainSwift.swift; sourceTree = "<group>"; };
		E268CDB12671EF7A00D95FA8 /* KeychainSwiftAccessOptions.swift */ = {isa = PBXFileReference; fileEncoding = 4; lastKnownFileType = sourcecode.swift; path = KeychainSwiftAccessOptions.swift; sourceTree = "<group>"; };
		E268CDB22671EF7A00D95FA8 /* TegKeychainConstants.swift */ = {isa = PBXFileReference; fileEncoding = 4; lastKnownFileType = sourcecode.swift; path = TegKeychainConstants.swift; sourceTree = "<group>"; };
		E268CDB62671EFBA00D95FA8 /* KeychainStorage.swift */ = {isa = PBXFileReference; lastKnownFileType = sourcecode.swift; path = KeychainStorage.swift; sourceTree = "<group>"; };
		E268CDBA2671EFFB00D95FA8 /* AuthenticationManager.swift */ = {isa = PBXFileReference; lastKnownFileType = sourcecode.swift; path = AuthenticationManager.swift; sourceTree = "<group>"; };
		E268CDBC2671F10000D95FA8 /* AppCoordinator.swift */ = {isa = PBXFileReference; lastKnownFileType = sourcecode.swift; path = AppCoordinator.swift; sourceTree = "<group>"; };
/* End PBXFileReference section */

/* Begin PBXFrameworksBuildPhase section */
		E266BD20267351EA00C139BB /* Frameworks */ = {
			isa = PBXFrameworksBuildPhase;
			buildActionMask = 2147483647;
			files = (
			);
			runOnlyForDeploymentPostprocessing = 0;
		};
		E268CD202671D9B400D95FA8 /* Frameworks */ = {
			isa = PBXFrameworksBuildPhase;
			buildActionMask = 2147483647;
			files = (
			);
			runOnlyForDeploymentPostprocessing = 0;
		};
/* End PBXFrameworksBuildPhase section */

/* Begin PBXGroup section */
		E266BCDA2672C92500C139BB /* Entities */ = {
			isa = PBXGroup;
			children = (
				E266BCDB2672C92E00C139BB /* Post.swift */,
			);
			path = Entities;
			sourceTree = "<group>";
		};
		E266BCE326730FCB00C139BB /* Post */ = {
			isa = PBXGroup;
			children = (
				E266BCE42673145C00C139BB /* PostProvider.swift */,
				E266BCEA267318A800C139BB /* PostClient.swift */,
				E266BCEC267318B200C139BB /* PostClientProtocol.swift */,
			);
			path = Post;
			sourceTree = "<group>";
		};
		E266BCF22673286A00C139BB /* ViewComponents */ = {
			isa = PBXGroup;
			children = (
				E266BD312673ADB400C139BB /* Cells */,
				E266BD012673345E00C139BB /* LoadingFooterView.swift */,
				E266BD032673347200C139BB /* CustomFooterView.swift */,
			);
			path = ViewComponents;
			sourceTree = "<group>";
		};
		E266BD0D26734ED200C139BB /* PictureDetail */ = {
			isa = PBXGroup;
			children = (
				E266BD0E26734EFB00C139BB /* PostPictureDetailViewController.swift */,
				E266BD1026734F6300C139BB /* PostPictureDetailWebViewNavigation.swift */,
				E266BD1226734F8100C139BB /* PostPictureDetailCoordinator.swift */,
				E266BD1426734FA000C139BB /* PostPictureDetailViewModel.swift */,
				E266BD1626734FAE00C139BB /* PostPictureDetailProtocols.swift */,
			);
			path = PictureDetail;
			sourceTree = "<group>";
		};
		E266BD182673507D00C139BB /* Persistence */ = {
			isa = PBXGroup;
			children = (
				E266BD192673508B00C139BB /* CoreDataStack.swift */,
				E266BD1B2673511B00C139BB /* Managed.swift */,
				E266BD1D2673512600C139BB /* VisitedPost.swift */,
				E266BD2D2673A1DA00C139BB /* PersistenceStore.swift */,
			);
			path = Persistence;
			sourceTree = "<group>";
		};
		E266BD24267351EB00C139BB /* RedditDemoAppTests */ = {
			isa = PBXGroup;
			children = (
				E266BD3E2673C19F00C139BB /* Mocks */,
				E266BD27267351EB00C139BB /* Info.plist */,
				E266BD3C2673C19B00C139BB /* PostsTests.swift */,
			);
			path = RedditDemoAppTests;
			sourceTree = "<group>";
		};
		E266BD312673ADB400C139BB /* Cells */ = {
			isa = PBXGroup;
			children = (
				E266BCF7267328AB00C139BB /* PostCellViewModel.swift */,
				E266BCF32673288800C139BB /* PostCell.xib */,
				E266BCF52673289E00C139BB /* PostCell.swift */,
			);
			path = Cells;
			sourceTree = "<group>";
		};
		E266BD3E2673C19F00C139BB /* Mocks */ = {
			isa = PBXGroup;
			children = (
				E266BD3F2673C1B200C139BB /* MockPostsInteractor.swift */,
				E266BD412673C2D200C139BB /* Post+MockInitializer.swift */,
			);
			path = Mocks;
			sourceTree = "<group>";
		};
		E268CD1A2671D9B400D95FA8 = {
			isa = PBXGroup;
			children = (
				E268CD252671D9B400D95FA8 /* RedditDemoApp */,
				E266BD24267351EB00C139BB /* RedditDemoAppTests */,
				E268CD242671D9B400D95FA8 /* Products */,
			);
			sourceTree = "<group>";
		};
		E268CD242671D9B400D95FA8 /* Products */ = {
			isa = PBXGroup;
			children = (
				E268CD232671D9B400D95FA8 /* RedditDemoApp.app */,
				E266BD23267351EB00C139BB /* RedditDemoAppTests.xctest */,
			);
			name = Products;
			sourceTree = "<group>";
		};
		E268CD252671D9B400D95FA8 /* RedditDemoApp */ = {
			isa = PBXGroup;
			children = (
				E266BCDA2672C92500C139BB /* Entities */,
				E268CD3D2671DA9700D95FA8 /* Scenes */,
				E268CDB92671EFED00D95FA8 /* Managers */,
				E268CDA82671ED4300D95FA8 /* ViewComponents */,
				E268CD3F2671DAB600D95FA8 /* Networking */,
				E266BD182673507D00C139BB /* Persistence */,
				E268CD412671DADA00D95FA8 /* Helpers */,
				E268CD262671D9B400D95FA8 /* AppDelegate.swift */,
				E268CD282671D9B400D95FA8 /* SceneDelegate.swift */,
				E268CD322671D9B800D95FA8 /* Assets.xcassets */,
				E268CD342671D9B800D95FA8 /* LaunchScreen.storyboard */,
				E268CD372671D9B800D95FA8 /* Info.plist */,
				E268CD2F2671D9B400D95FA8 /* RedditDemoApp.xcdatamodeld */,
				E268CDBC2671F10000D95FA8 /* AppCoordinator.swift */,
				E266BD382673BEBF00C139BB /* Localizable.strings */,
			);
			path = RedditDemoApp;
			sourceTree = "<group>";
		};
		E268CD3D2671DA9700D95FA8 /* Scenes */ = {
			isa = PBXGroup;
			children = (
				E268CD3E2671DA9D00D95FA8 /* Login */,
				E268CD9D2671E9B300D95FA8 /* Posts */,
			);
			path = Scenes;
			sourceTree = "<group>";
		};
		E268CD3E2671DA9D00D95FA8 /* Login */ = {
			isa = PBXGroup;
			children = (
				E268CD802671E08200D95FA8 /* AuthPermission */,
				E268CD422671DB0F00D95FA8 /* LoginViewController.swift */,
				E268CD442671DB1A00D95FA8 /* LoginViewModel.swift */,
				E268CD462671DB2900D95FA8 /* LoginCoordinator.swift */,
				E268CD482671DB3300D95FA8 /* LoginInteractor.swift */,
				E268CD4A2671DB3E00D95FA8 /* LoginProtocols.swift */,
				E268CD7E2671E07B00D95FA8 /* Login.storyboard */,
			);
			path = Login;
			sourceTree = "<group>";
		};
		E268CD3F2671DAB600D95FA8 /* Networking */ = {
			isa = PBXGroup;
			children = (
				E268CD7B2671DE4D00D95FA8 /* Responses */,
				E268CD6D2671DD4000D95FA8 /* Services */,
				E268CD4F2671DC5000D95FA8 /* Extensions */,
				E268CD6E2671DD4B00D95FA8 /* Endpoint.swift */,
				E268CD702671DD5500D95FA8 /* APIError.swift */,
				E268CD722671DD6000D95FA8 /* APIClient.swift */,
			);
			path = Networking;
			sourceTree = "<group>";
		};
		E268CD412671DADA00D95FA8 /* Helpers */ = {
			isa = PBXGroup;
			children = (
				E268CD852671E42D00D95FA8 /* Extensions */,
				E268CD6A2671DCFD00D95FA8 /* Utils */,
				E268CD4C2671DB9E00D95FA8 /* Protocols */,
			);
			path = Helpers;
			sourceTree = "<group>";
		};
		E268CD4C2671DB9E00D95FA8 /* Protocols */ = {
			isa = PBXGroup;
			children = (
				E268CD4D2671DBAF00D95FA8 /* Coordinator.swift */,
				E268CD812671E0CD00D95FA8 /* Storyboarded.swift */,
				E266BCFD267330BF00C139BB /* Dequeuable.swift */,
				E266BCFF2673310000C139BB /* DataSourcePrefetching.swift */,
				E266BD0B267349D000C139BB /* Alertable.swift */,
			);
			path = Protocols;
			sourceTree = "<group>";
		};
		E268CD4F2671DC5000D95FA8 /* Extensions */ = {
			isa = PBXGroup;
			children = (
				E268CD652671DCA600D95FA8 /* CharacterSet+Filtering.swift */,
				E268CD622671DCA600D95FA8 /* Dictionary+Format.swift */,
				E268CD632671DCA600D95FA8 /* ErrorDescriptable.swift */,
				E268CD642671DCA600D95FA8 /* URLRequest+Headers.swift */,
			);
			path = Extensions;
			sourceTree = "<group>";
		};
		E268CD6A2671DCFD00D95FA8 /* Utils */ = {
			isa = PBXGroup;
			children = (
				E268CDAF2671EF5600D95FA8 /* Keychain */,
				E268CD922671E53F00D95FA8 /* Notifications */,
				E268CD6B2671DD0800D95FA8 /* Bindable.swift */,
				E268CD832671E1C100D95FA8 /* AppConstants.swift */,
				E266BCE126730E1B00C139BB /* URLSchemeHost.swift */,
				E266BCFB2673309100C139BB /* TableViewDataSourcePrefetching.swift */,
				E266BD05267334AD00C139BB /* FontHelper.swift */,
				E266BD2F2673A4A400C139BB /* ColorPalette.swift */,
				E266BD3A2673BEED00C139BB /* LocalizedStrings.swift */,
			);
			path = Utils;
			sourceTree = "<group>";
		};
		E268CD6D2671DD4000D95FA8 /* Services */ = {
			isa = PBXGroup;
			children = (
				E266BCE326730FCB00C139BB /* Post */,
				E268CD742671DDF800D95FA8 /* Auth */,
			);
			path = Services;
			sourceTree = "<group>";
		};
		E268CD742671DDF800D95FA8 /* Auth */ = {
			isa = PBXGroup;
			children = (
				E268CD752671DE0400D95FA8 /* AuthProvider.swift */,
				E268CD772671DE0C00D95FA8 /* AuthClient.swift */,
				E268CD792671DE1200D95FA8 /* AuthClientProtocol.swift */,
			);
			path = Auth;
			sourceTree = "<group>";
		};
		E268CD7B2671DE4D00D95FA8 /* Responses */ = {
			isa = PBXGroup;
			children = (
				E268CD7C2671DE6A00D95FA8 /* AccessTokenResponse.swift */,
				E266BCE6267314EE00C139BB /* ListingResponse.swift */,
				E266BCE82673186700C139BB /* PostResponse.swift */,
			);
			path = Responses;
			sourceTree = "<group>";
		};
		E268CD802671E08200D95FA8 /* AuthPermission */ = {
			isa = PBXGroup;
			children = (
				E268CD8A2671E4FB00D95FA8 /* AuthPermissionCoordinator.swift */,
				E268CD8C2671E4FB00D95FA8 /* AuthPermissionProtocols.swift */,
				E268CD892671E4FB00D95FA8 /* AuthPermissionViewController.swift */,
				E268CD882671E4FB00D95FA8 /* AuthPermissionViewModel.swift */,
				E268CD8B2671E4FB00D95FA8 /* AuthPermissionWebViewNavigation.swift */,
			);
			path = AuthPermission;
			sourceTree = "<group>";
		};
		E268CD852671E42D00D95FA8 /* Extensions */ = {
			isa = PBXGroup;
			children = (
				E268CD862671E43700D95FA8 /* String+Base64.swift */,
				E268CD992671E60900D95FA8 /* UIView+Fade.swift */,
				E268CD9B2671E6DA00D95FA8 /* URL+QueryParameters.swift */,
				E268CDAD2671EE0E00D95FA8 /* CGRect+Center.swift */,
				E266BCF92673306500C139BB /* UITableView+Extensions.swift */,
				E266BD072673352200C139BB /* UIView+Layout.swift */,
				E266BD092673374F00C139BB /* UIImageView+Caching.swift */,
				E266BD322673ADDF00C139BB /* Date+Formatting.swift */,
			);
			path = Extensions;
			sourceTree = "<group>";
		};
		E268CD922671E53F00D95FA8 /* Notifications */ = {
			isa = PBXGroup;
			children = (
				E268CD932671E55B00D95FA8 /* CustomNotification.swift */,
				E268CD952671E55B00D95FA8 /* Notification+RawRepresentable.swift */,
				E268CD942671E55B00D95FA8 /* NotificationNameable.swift */,
			);
			path = Notifications;
			sourceTree = "<group>";
		};
		E268CD9D2671E9B300D95FA8 /* Posts */ = {
			isa = PBXGroup;
			children = (
				E268CDA52671ECDD00D95FA8 /* Detail */,
				E268CDA22671ECBE00D95FA8 /* List */,
				E268CD9E2671E9D200D95FA8 /* Posts.storyboard */,
				E268CDA02671EB1300D95FA8 /* PostsSplitViewController.swift */,
			);
			path = Posts;
			sourceTree = "<group>";
		};
		E268CDA22671ECBE00D95FA8 /* List */ = {
			isa = PBXGroup;
			children = (
				E266BCF22673286A00C139BB /* ViewComponents */,
				E268CDA32671ECD500D95FA8 /* PostsViewController.swift */,
				E266BCCC267275F900C139BB /* PostsViewModel.swift */,
				E266BCCE2672760500C139BB /* PostsInteractor.swift */,
				E266BCD02672760F00C139BB /* PostsCoordinator.swift */,
				E266BCD22672761900C139BB /* PostsProtocols.swift */,
				E266BCDD2672CC9400C139BB /* PostsViewState.swift */,
			);
			path = List;
			sourceTree = "<group>";
		};
		E268CDA52671ECDD00D95FA8 /* Detail */ = {
			isa = PBXGroup;
			children = (
				E266BD0D26734ED200C139BB /* PictureDetail */,
				E268CDA62671ECF800D95FA8 /* PostDetailViewController.swift */,
				E266BCD42672762500C139BB /* PostDetailViewModel.swift */,
				E266BCD62672763200C139BB /* PostDetailCoordinator.swift */,
				E266BCD82672764200C139BB /* PostDetailProtocols.swift */,
			);
			path = Detail;
			sourceTree = "<group>";
		};
		E268CDA82671ED4300D95FA8 /* ViewComponents */ = {
			isa = PBXGroup;
			children = (
				E268CDA92671ED5500D95FA8 /* ShrinkingButton.swift */,
				E268CDAB2671EDAA00D95FA8 /* SpinnerLayer.swift */,
			);
			path = ViewComponents;
			sourceTree = "<group>";
		};
		E268CDAF2671EF5600D95FA8 /* Keychain */ = {
			isa = PBXGroup;
			children = (
				E268CDB82671EFBD00D95FA8 /* KeychainSwift */,
				E268CDB62671EFBA00D95FA8 /* KeychainStorage.swift */,
			);
			path = Keychain;
			sourceTree = "<group>";
		};
		E268CDB82671EFBD00D95FA8 /* KeychainSwift */ = {
			isa = PBXGroup;
			children = (
				E268CDB02671EF7A00D95FA8 /* KeychainSwift.swift */,
				E268CDB12671EF7A00D95FA8 /* KeychainSwiftAccessOptions.swift */,
				E268CDB22671EF7A00D95FA8 /* TegKeychainConstants.swift */,
			);
			path = KeychainSwift;
			sourceTree = "<group>";
		};
		E268CDB92671EFED00D95FA8 /* Managers */ = {
			isa = PBXGroup;
			children = (
				E266BCEE26731E7D00C139BB /* GlobalNavigationManager.swift */,
				E268CDBA2671EFFB00D95FA8 /* AuthenticationManager.swift */,
			);
			path = Managers;
			sourceTree = "<group>";
		};
/* End PBXGroup section */

/* Begin PBXNativeTarget section */
		E266BD22267351EA00C139BB /* RedditDemoAppTests */ = {
			isa = PBXNativeTarget;
			buildConfigurationList = E266BD2A267351EB00C139BB /* Build configuration list for PBXNativeTarget "RedditDemoAppTests" */;
			buildPhases = (
				E266BD1F267351EA00C139BB /* Sources */,
				E266BD20267351EA00C139BB /* Frameworks */,
				E266BD21267351EA00C139BB /* Resources */,
			);
			buildRules = (
			);
			dependencies = (
				E266BD29267351EB00C139BB /* PBXTargetDependency */,
			);
			name = RedditDemoAppTests;
			productName = RedditDemoAppTests;
			productReference = E266BD23267351EB00C139BB /* RedditDemoAppTests.xctest */;
			productType = "com.apple.product-type.bundle.unit-test";
		};
		E268CD222671D9B400D95FA8 /* RedditDemoApp */ = {
			isa = PBXNativeTarget;
			buildConfigurationList = E268CD3A2671D9B800D95FA8 /* Build configuration list for PBXNativeTarget "RedditDemoApp" */;
			buildPhases = (
				E268CD1F2671D9B400D95FA8 /* Sources */,
				E268CD202671D9B400D95FA8 /* Frameworks */,
				E268CD212671D9B400D95FA8 /* Resources */,
			);
			buildRules = (
			);
			dependencies = (
			);
			name = RedditDemoApp;
			productName = RedditDemoApp;
			productReference = E268CD232671D9B400D95FA8 /* RedditDemoApp.app */;
			productType = "com.apple.product-type.application";
		};
/* End PBXNativeTarget section */

/* Begin PBXProject section */
		E268CD1B2671D9B400D95FA8 /* Project object */ = {
			isa = PBXProject;
			attributes = {
				LastSwiftUpdateCheck = 1250;
				LastUpgradeCheck = 1250;
				TargetAttributes = {
					E266BD22267351EA00C139BB = {
						CreatedOnToolsVersion = 12.5;
						TestTargetID = E268CD222671D9B400D95FA8;
					};
					E268CD222671D9B400D95FA8 = {
						CreatedOnToolsVersion = 12.5;
					};
				};
			};
			buildConfigurationList = E268CD1E2671D9B400D95FA8 /* Build configuration list for PBXProject "RedditDemoApp" */;
			compatibilityVersion = "Xcode 9.3";
			developmentRegion = en;
			hasScannedForEncodings = 0;
			knownRegions = (
				en,
				Base,
				"es-419",
			);
			mainGroup = E268CD1A2671D9B400D95FA8;
			productRefGroup = E268CD242671D9B400D95FA8 /* Products */;
			projectDirPath = "";
			projectRoot = "";
			targets = (
				E268CD222671D9B400D95FA8 /* RedditDemoApp */,
				E266BD22267351EA00C139BB /* RedditDemoAppTests */,
			);
		};
/* End PBXProject section */

/* Begin PBXResourcesBuildPhase section */
		E266BD21267351EA00C139BB /* Resources */ = {
			isa = PBXResourcesBuildPhase;
			buildActionMask = 2147483647;
			files = (
			);
			runOnlyForDeploymentPostprocessing = 0;
		};
		E268CD212671D9B400D95FA8 /* Resources */ = {
			isa = PBXResourcesBuildPhase;
			buildActionMask = 2147483647;
			files = (
				E268CD9F2671E9D200D95FA8 /* Posts.storyboard in Resources */,
				E266BD362673BEBF00C139BB /* Localizable.strings in Resources */,
				E268CD362671D9B800D95FA8 /* LaunchScreen.storyboard in Resources */,
				E266BCF42673288800C139BB /* PostCell.xib in Resources */,
				E268CD332671D9B800D95FA8 /* Assets.xcassets in Resources */,
				E268CD7F2671E07B00D95FA8 /* Login.storyboard in Resources */,
			);
			runOnlyForDeploymentPostprocessing = 0;
		};
/* End PBXResourcesBuildPhase section */

/* Begin PBXSourcesBuildPhase section */
		E266BD1F267351EA00C139BB /* Sources */ = {
			isa = PBXSourcesBuildPhase;
			buildActionMask = 2147483647;
			files = (
				E266BD422673C2D200C139BB /* Post+MockInitializer.swift in Sources */,
				E266BD402673C1B200C139BB /* MockPostsInteractor.swift in Sources */,
				E266BD3D2673C19B00C139BB /* PostsTests.swift in Sources */,
			);
			runOnlyForDeploymentPostprocessing = 0;
		};
		E268CD1F2671D9B400D95FA8 /* Sources */ = {
			isa = PBXSourcesBuildPhase;
			buildActionMask = 2147483647;
			files = (
				E268CD4B2671DB3E00D95FA8 /* LoginProtocols.swift in Sources */,
				E268CD8E2671E4FB00D95FA8 /* AuthPermissionViewController.swift in Sources */,
				E268CD692671DCA600D95FA8 /* CharacterSet+Filtering.swift in Sources */,
				E268CDBB2671EFFB00D95FA8 /* AuthenticationManager.swift in Sources */,
				E266BCE52673145C00C139BB /* PostProvider.swift in Sources */,
				E268CD492671DB3300D95FA8 /* LoginInteractor.swift in Sources */,
				E268CD7A2671DE1300D95FA8 /* AuthClientProtocol.swift in Sources */,
				E268CDBD2671F10000D95FA8 /* AppCoordinator.swift in Sources */,
				E266BD2E2673A1DA00C139BB /* PersistenceStore.swift in Sources */,
				E268CD842671E1C100D95FA8 /* AppConstants.swift in Sources */,
				E268CD9A2671E60900D95FA8 /* UIView+Fade.swift in Sources */,
				E268CD912671E4FB00D95FA8 /* AuthPermissionProtocols.swift in Sources */,
				E266BD1726734FAE00C139BB /* PostPictureDetailProtocols.swift in Sources */,
				E266BD332673ADDF00C139BB /* Date+Formatting.swift in Sources */,
				E268CDA12671EB1300D95FA8 /* PostsSplitViewController.swift in Sources */,
				E266BCED267318B200C139BB /* PostClientProtocol.swift in Sources */,
				E266BD1126734F6300C139BB /* PostPictureDetailWebViewNavigation.swift in Sources */,
				E266BCD72672763200C139BB /* PostDetailCoordinator.swift in Sources */,
				E266BCF62673289E00C139BB /* PostCell.swift in Sources */,
				E266BCDE2672CC9400C139BB /* PostsViewState.swift in Sources */,
				E268CD8D2671E4FB00D95FA8 /* AuthPermissionViewModel.swift in Sources */,
				E266BCD12672760F00C139BB /* PostsCoordinator.swift in Sources */,
				E266BD022673345E00C139BB /* LoadingFooterView.swift in Sources */,
				E268CDAE2671EE0E00D95FA8 /* CGRect+Center.swift in Sources */,
				E266BD0A2673374F00C139BB /* UIImageView+Caching.swift in Sources */,
				E268CDAC2671EDAA00D95FA8 /* SpinnerLayer.swift in Sources */,
				E268CD8F2671E4FB00D95FA8 /* AuthPermissionCoordinator.swift in Sources */,
				E268CD902671E4FB00D95FA8 /* AuthPermissionWebViewNavigation.swift in Sources */,
				E266BCD52672762500C139BB /* PostDetailViewModel.swift in Sources */,
				E268CDA42671ECD500D95FA8 /* PostsViewController.swift in Sources */,
				E266BD002673310000C139BB /* DataSourcePrefetching.swift in Sources */,
				E268CDB52671EF7A00D95FA8 /* TegKeychainConstants.swift in Sources */,
				E266BCD92672764200C139BB /* PostDetailProtocols.swift in Sources */,
				E268CDAA2671ED5500D95FA8 /* ShrinkingButton.swift in Sources */,
				E268CDB42671EF7A00D95FA8 /* KeychainSwiftAccessOptions.swift in Sources */,
				E268CD712671DD5500D95FA8 /* APIError.swift in Sources */,
				E266BD302673A4A400C139BB /* ColorPalette.swift in Sources */,
				E268CD4E2671DBAF00D95FA8 /* Coordinator.swift in Sources */,
				E266BD082673352200C139BB /* UIView+Layout.swift in Sources */,
				E266BCEB267318A800C139BB /* PostClient.swift in Sources */,
				E266BD1526734FA000C139BB /* PostPictureDetailViewModel.swift in Sources */,
				E266BCEF26731E7D00C139BB /* GlobalNavigationManager.swift in Sources */,
				E268CDA72671ECF800D95FA8 /* PostDetailViewController.swift in Sources */,
				E268CD312671D9B400D95FA8 /* RedditDemoApp.xcdatamodeld in Sources */,
				E268CD822671E0CD00D95FA8 /* Storyboarded.swift in Sources */,
				E268CD6C2671DD0800D95FA8 /* Bindable.swift in Sources */,
				E266BD1C2673511B00C139BB /* Managed.swift in Sources */,
				E266BCF8267328AB00C139BB /* PostCellViewModel.swift in Sources */,
				E266BD1326734F8100C139BB /* PostPictureDetailCoordinator.swift in Sources */,
				E266BD1E2673512600C139BB /* VisitedPost.swift in Sources */,
				E268CD962671E55B00D95FA8 /* CustomNotification.swift in Sources */,
				E268CD972671E55B00D95FA8 /* NotificationNameable.swift in Sources */,
				E268CD472671DB2900D95FA8 /* LoginCoordinator.swift in Sources */,
				E268CD7D2671DE6A00D95FA8 /* AccessTokenResponse.swift in Sources */,
				E268CD452671DB1A00D95FA8 /* LoginViewModel.swift in Sources */,
				E268CD872671E43700D95FA8 /* String+Base64.swift in Sources */,
				E266BD3B2673BEED00C139BB /* LocalizedStrings.swift in Sources */,
				E268CD272671D9B400D95FA8 /* AppDelegate.swift in Sources */,
				E268CD982671E55B00D95FA8 /* Notification+RawRepresentable.swift in Sources */,
				E266BCD32672761900C139BB /* PostsProtocols.swift in Sources */,
				E266BD06267334AD00C139BB /* FontHelper.swift in Sources */,
				E266BD1A2673508C00C139BB /* CoreDataStack.swift in Sources */,
				E266BCFE267330BF00C139BB /* Dequeuable.swift in Sources */,
				E268CD9C2671E6DA00D95FA8 /* URL+QueryParameters.swift in Sources */,
				E268CD6F2671DD4B00D95FA8 /* Endpoint.swift in Sources */,
				E266BCCF2672760500C139BB /* PostsInteractor.swift in Sources */,
				E268CD432671DB0F00D95FA8 /* LoginViewController.swift in Sources */,
				E268CD762671DE0400D95FA8 /* AuthProvider.swift in Sources */,
				E268CD662671DCA600D95FA8 /* Dictionary+Format.swift in Sources */,
				E268CD672671DCA600D95FA8 /* ErrorDescriptable.swift in Sources */,
				E268CDB32671EF7A00D95FA8 /* KeychainSwift.swift in Sources */,
				E266BCE92673186700C139BB /* PostResponse.swift in Sources */,
				E268CD782671DE0C00D95FA8 /* AuthClient.swift in Sources */,
				E266BD042673347200C139BB /* CustomFooterView.swift in Sources */,
				E268CD292671D9B400D95FA8 /* SceneDelegate.swift in Sources */,
				E266BCE7267314EE00C139BB /* ListingResponse.swift in Sources */,
				E266BCFC2673309100C139BB /* TableViewDataSourcePrefetching.swift in Sources */,
				E268CDB72671EFBA00D95FA8 /* KeychainStorage.swift in Sources */,
				E268CD682671DCA600D95FA8 /* URLRequest+Headers.swift in Sources */,
				E266BCFA2673306500C139BB /* UITableView+Extensions.swift in Sources */,
				E266BCE226730E1B00C139BB /* URLSchemeHost.swift in Sources */,
				E266BCDC2672C92E00C139BB /* Post.swift in Sources */,
				E268CD732671DD6000D95FA8 /* APIClient.swift in Sources */,
				E266BD0F26734EFB00C139BB /* PostPictureDetailViewController.swift in Sources */,
				E266BD0C267349D100C139BB /* Alertable.swift in Sources */,
				E266BCCD267275F900C139BB /* PostsViewModel.swift in Sources */,
			);
			runOnlyForDeploymentPostprocessing = 0;
		};
/* End PBXSourcesBuildPhase section */

/* Begin PBXTargetDependency section */
		E266BD29267351EB00C139BB /* PBXTargetDependency */ = {
			isa = PBXTargetDependency;
			target = E268CD222671D9B400D95FA8 /* RedditDemoApp */;
			targetProxy = E266BD28267351EB00C139BB /* PBXContainerItemProxy */;
		};
/* End PBXTargetDependency section */

/* Begin PBXVariantGroup section */
		E266BD382673BEBF00C139BB /* Localizable.strings */ = {
			isa = PBXVariantGroup;
			children = (
				E266BD372673BEBF00C139BB /* en */,
				E266BD392673BEDA00C139BB /* es-419 */,
			);
			name = Localizable.strings;
			sourceTree = "<group>";
		};
		E268CD342671D9B800D95FA8 /* LaunchScreen.storyboard */ = {
			isa = PBXVariantGroup;
			children = (
				E268CD352671D9B800D95FA8 /* Base */,
			);
			name = LaunchScreen.storyboard;
			sourceTree = "<group>";
		};
/* End PBXVariantGroup section */

/* Begin XCBuildConfiguration section */
		E266BD2B267351EB00C139BB /* Debug */ = {
			isa = XCBuildConfiguration;
			buildSettings = {
				BUNDLE_LOADER = "$(TEST_HOST)";
				CODE_SIGN_STYLE = Automatic;
				DEVELOPMENT_TEAM = E95KU8J3PN;
				INFOPLIST_FILE = RedditDemoAppTests/Info.plist;
				LD_RUNPATH_SEARCH_PATHS = (
					"$(inherited)",
					"@executable_path/Frameworks",
					"@loader_path/Frameworks",
				);
				PRODUCT_BUNDLE_IDENTIFIER = com.Alonso.RedditDemoAppTests;
				PRODUCT_NAME = "$(TARGET_NAME)";
				SWIFT_VERSION = 5.0;
				TARGETED_DEVICE_FAMILY = "1,2";
				TEST_HOST = "$(BUILT_PRODUCTS_DIR)/RedditDemoApp.app/RedditDemoApp";
			};
			name = Debug;
		};
		E266BD2C267351EB00C139BB /* Release */ = {
			isa = XCBuildConfiguration;
			buildSettings = {
				BUNDLE_LOADER = "$(TEST_HOST)";
				CODE_SIGN_STYLE = Automatic;
				DEVELOPMENT_TEAM = E95KU8J3PN;
				INFOPLIST_FILE = RedditDemoAppTests/Info.plist;
				LD_RUNPATH_SEARCH_PATHS = (
					"$(inherited)",
					"@executable_path/Frameworks",
					"@loader_path/Frameworks",
				);
				PRODUCT_BUNDLE_IDENTIFIER = com.Alonso.RedditDemoAppTests;
				PRODUCT_NAME = "$(TARGET_NAME)";
				SWIFT_VERSION = 5.0;
				TARGETED_DEVICE_FAMILY = "1,2";
				TEST_HOST = "$(BUILT_PRODUCTS_DIR)/RedditDemoApp.app/RedditDemoApp";
			};
			name = Release;
		};
		E268CD382671D9B800D95FA8 /* Debug */ = {
			isa = XCBuildConfiguration;
			buildSettings = {
				ALWAYS_SEARCH_USER_PATHS = NO;
				CLANG_ANALYZER_LOCALIZABILITY_NONLOCALIZED = YES;
				CLANG_ANALYZER_NONNULL = YES;
				CLANG_ANALYZER_NUMBER_OBJECT_CONVERSION = YES_AGGRESSIVE;
				CLANG_CXX_LANGUAGE_STANDARD = "gnu++14";
				CLANG_CXX_LIBRARY = "libc++";
				CLANG_ENABLE_MODULES = YES;
				CLANG_ENABLE_OBJC_ARC = YES;
				CLANG_ENABLE_OBJC_WEAK = YES;
				CLANG_WARN_BLOCK_CAPTURE_AUTORELEASING = YES;
				CLANG_WARN_BOOL_CONVERSION = YES;
				CLANG_WARN_COMMA = YES;
				CLANG_WARN_CONSTANT_CONVERSION = YES;
				CLANG_WARN_DEPRECATED_OBJC_IMPLEMENTATIONS = YES;
				CLANG_WARN_DIRECT_OBJC_ISA_USAGE = YES_ERROR;
				CLANG_WARN_DOCUMENTATION_COMMENTS = YES;
				CLANG_WARN_EMPTY_BODY = YES;
				CLANG_WARN_ENUM_CONVERSION = YES;
				CLANG_WARN_INFINITE_RECURSION = YES;
				CLANG_WARN_INT_CONVERSION = YES;
				CLANG_WARN_NON_LITERAL_NULL_CONVERSION = YES;
				CLANG_WARN_OBJC_IMPLICIT_RETAIN_SELF = YES;
				CLANG_WARN_OBJC_LITERAL_CONVERSION = YES;
				CLANG_WARN_OBJC_ROOT_CLASS = YES_ERROR;
				CLANG_WARN_QUOTED_INCLUDE_IN_FRAMEWORK_HEADER = YES;
				CLANG_WARN_RANGE_LOOP_ANALYSIS = YES;
				CLANG_WARN_STRICT_PROTOTYPES = YES;
				CLANG_WARN_SUSPICIOUS_MOVE = YES;
				CLANG_WARN_UNGUARDED_AVAILABILITY = YES_AGGRESSIVE;
				CLANG_WARN_UNREACHABLE_CODE = YES;
				CLANG_WARN__DUPLICATE_METHOD_MATCH = YES;
				COPY_PHASE_STRIP = NO;
				DEBUG_INFORMATION_FORMAT = dwarf;
				ENABLE_STRICT_OBJC_MSGSEND = YES;
				ENABLE_TESTABILITY = YES;
				GCC_C_LANGUAGE_STANDARD = gnu11;
				GCC_DYNAMIC_NO_PIC = NO;
				GCC_NO_COMMON_BLOCKS = YES;
				GCC_OPTIMIZATION_LEVEL = 0;
				GCC_PREPROCESSOR_DEFINITIONS = (
					"DEBUG=1",
					"$(inherited)",
				);
				GCC_WARN_64_TO_32_BIT_CONVERSION = YES;
				GCC_WARN_ABOUT_RETURN_TYPE = YES_ERROR;
				GCC_WARN_UNDECLARED_SELECTOR = YES;
				GCC_WARN_UNINITIALIZED_AUTOS = YES_AGGRESSIVE;
				GCC_WARN_UNUSED_FUNCTION = YES;
				GCC_WARN_UNUSED_VARIABLE = YES;
				IPHONEOS_DEPLOYMENT_TARGET = 14.1;
				MTL_ENABLE_DEBUG_INFO = INCLUDE_SOURCE;
				MTL_FAST_MATH = YES;
				ONLY_ACTIVE_ARCH = YES;
				SDKROOT = iphoneos;
				SWIFT_ACTIVE_COMPILATION_CONDITIONS = DEBUG;
				SWIFT_OPTIMIZATION_LEVEL = "-Onone";
			};
			name = Debug;
		};
		E268CD392671D9B800D95FA8 /* Release */ = {
			isa = XCBuildConfiguration;
			buildSettings = {
				ALWAYS_SEARCH_USER_PATHS = NO;
				CLANG_ANALYZER_LOCALIZABILITY_NONLOCALIZED = YES;
				CLANG_ANALYZER_NONNULL = YES;
				CLANG_ANALYZER_NUMBER_OBJECT_CONVERSION = YES_AGGRESSIVE;
				CLANG_CXX_LANGUAGE_STANDARD = "gnu++14";
				CLANG_CXX_LIBRARY = "libc++";
				CLANG_ENABLE_MODULES = YES;
				CLANG_ENABLE_OBJC_ARC = YES;
				CLANG_ENABLE_OBJC_WEAK = YES;
				CLANG_WARN_BLOCK_CAPTURE_AUTORELEASING = YES;
				CLANG_WARN_BOOL_CONVERSION = YES;
				CLANG_WARN_COMMA = YES;
				CLANG_WARN_CONSTANT_CONVERSION = YES;
				CLANG_WARN_DEPRECATED_OBJC_IMPLEMENTATIONS = YES;
				CLANG_WARN_DIRECT_OBJC_ISA_USAGE = YES_ERROR;
				CLANG_WARN_DOCUMENTATION_COMMENTS = YES;
				CLANG_WARN_EMPTY_BODY = YES;
				CLANG_WARN_ENUM_CONVERSION = YES;
				CLANG_WARN_INFINITE_RECURSION = YES;
				CLANG_WARN_INT_CONVERSION = YES;
				CLANG_WARN_NON_LITERAL_NULL_CONVERSION = YES;
				CLANG_WARN_OBJC_IMPLICIT_RETAIN_SELF = YES;
				CLANG_WARN_OBJC_LITERAL_CONVERSION = YES;
				CLANG_WARN_OBJC_ROOT_CLASS = YES_ERROR;
				CLANG_WARN_QUOTED_INCLUDE_IN_FRAMEWORK_HEADER = YES;
				CLANG_WARN_RANGE_LOOP_ANALYSIS = YES;
				CLANG_WARN_STRICT_PROTOTYPES = YES;
				CLANG_WARN_SUSPICIOUS_MOVE = YES;
				CLANG_WARN_UNGUARDED_AVAILABILITY = YES_AGGRESSIVE;
				CLANG_WARN_UNREACHABLE_CODE = YES;
				CLANG_WARN__DUPLICATE_METHOD_MATCH = YES;
				COPY_PHASE_STRIP = NO;
				DEBUG_INFORMATION_FORMAT = "dwarf-with-dsym";
				ENABLE_NS_ASSERTIONS = NO;
				ENABLE_STRICT_OBJC_MSGSEND = YES;
				GCC_C_LANGUAGE_STANDARD = gnu11;
				GCC_NO_COMMON_BLOCKS = YES;
				GCC_WARN_64_TO_32_BIT_CONVERSION = YES;
				GCC_WARN_ABOUT_RETURN_TYPE = YES_ERROR;
				GCC_WARN_UNDECLARED_SELECTOR = YES;
				GCC_WARN_UNINITIALIZED_AUTOS = YES_AGGRESSIVE;
				GCC_WARN_UNUSED_FUNCTION = YES;
				GCC_WARN_UNUSED_VARIABLE = YES;
				IPHONEOS_DEPLOYMENT_TARGET = 14.1;
				MTL_ENABLE_DEBUG_INFO = NO;
				MTL_FAST_MATH = YES;
				SDKROOT = iphoneos;
				SWIFT_COMPILATION_MODE = wholemodule;
				SWIFT_OPTIMIZATION_LEVEL = "-O";
				VALIDATE_PRODUCT = YES;
			};
			name = Release;
		};
		E268CD3B2671D9B800D95FA8 /* Debug */ = {
			isa = XCBuildConfiguration;
			buildSettings = {
				ASSETCATALOG_COMPILER_APPICON_NAME = AppIcon;
				ASSETCATALOG_COMPILER_GLOBAL_ACCENT_COLOR_NAME = AccentColor;
				CODE_SIGN_STYLE = Automatic;
				DEVELOPMENT_TEAM = E95KU8J3PN;
				INFOPLIST_FILE = RedditDemoApp/Info.plist;
				LD_RUNPATH_SEARCH_PATHS = (
					"$(inherited)",
					"@executable_path/Frameworks",
				);
				PRODUCT_BUNDLE_IDENTIFIER = com.Alonso.RedditDemoApp;
				PRODUCT_NAME = "$(TARGET_NAME)";
				SWIFT_VERSION = 5.0;
				TARGETED_DEVICE_FAMILY = "1,2";
			};
			name = Debug;
		};
		E268CD3C2671D9B800D95FA8 /* Release */ = {
			isa = XCBuildConfiguration;
			buildSettings = {
				ASSETCATALOG_COMPILER_APPICON_NAME = AppIcon;
				ASSETCATALOG_COMPILER_GLOBAL_ACCENT_COLOR_NAME = AccentColor;
				CODE_SIGN_STYLE = Automatic;
				DEVELOPMENT_TEAM = E95KU8J3PN;
				INFOPLIST_FILE = RedditDemoApp/Info.plist;
				LD_RUNPATH_SEARCH_PATHS = (
					"$(inherited)",
					"@executable_path/Frameworks",
				);
				PRODUCT_BUNDLE_IDENTIFIER = com.Alonso.RedditDemoApp;
				PRODUCT_NAME = "$(TARGET_NAME)";
				SWIFT_VERSION = 5.0;
				TARGETED_DEVICE_FAMILY = "1,2";
			};
			name = Release;
		};
/* End XCBuildConfiguration section */

/* Begin XCConfigurationList section */
		E266BD2A267351EB00C139BB /* Build configuration list for PBXNativeTarget "RedditDemoAppTests" */ = {
			isa = XCConfigurationList;
			buildConfigurations = (
				E266BD2B267351EB00C139BB /* Debug */,
				E266BD2C267351EB00C139BB /* Release */,
			);
			defaultConfigurationIsVisible = 0;
			defaultConfigurationName = Release;
		};
		E268CD1E2671D9B400D95FA8 /* Build configuration list for PBXProject "RedditDemoApp" */ = {
			isa = XCConfigurationList;
			buildConfigurations = (
				E268CD382671D9B800D95FA8 /* Debug */,
				E268CD392671D9B800D95FA8 /* Release */,
			);
			defaultConfigurationIsVisible = 0;
			defaultConfigurationName = Release;
		};
		E268CD3A2671D9B800D95FA8 /* Build configuration list for PBXNativeTarget "RedditDemoApp" */ = {
			isa = XCConfigurationList;
			buildConfigurations = (
				E268CD3B2671D9B800D95FA8 /* Debug */,
				E268CD3C2671D9B800D95FA8 /* Release */,
			);
			defaultConfigurationIsVisible = 0;
			defaultConfigurationName = Release;
		};
/* End XCConfigurationList section */

/* Begin XCVersionGroup section */
		E268CD2F2671D9B400D95FA8 /* RedditDemoApp.xcdatamodeld */ = {
			isa = XCVersionGroup;
			children = (
				E268CD302671D9B400D95FA8 /* RedditDemoApp.xcdatamodel */,
			);
			currentVersion = E268CD302671D9B400D95FA8 /* RedditDemoApp.xcdatamodel */;
			path = RedditDemoApp.xcdatamodeld;
			sourceTree = "<group>";
			versionGroupType = wrapper.xcdatamodel;
		};
/* End XCVersionGroup section */
	};
	rootObject = E268CD1B2671D9B400D95FA8 /* Project object */;
}
